
Microsoft Visual Studio Solution File, Format Version 12.00
# Visual Studio 15
VisualStudioVersion = 15.0.28307.421
MinimumVisualStudioVersion = 10.0.40219.1
Project("{FAE04EC0-301F-11D3-BF4B-00C04F79EFBC}") = "URLEncoder", "URLEncoder\URLEncoder.csproj", "{904E1F97-F0DE-4A2E-9CD0-20F0783D287C}"
EndProject
Global
	GlobalSection(SolutionConfigurationPlatforms) = preSolution
		Debug|Any CPU = Debug|Any CPU
		Release|Any CPU = Release|Any CPU
	EndGlobalSection
	GlobalSection(ProjectConfigurationPlatforms) = postSolution
		{904E1F97-F0DE-4A2E-9CD0-20F0783D287C}.Debug|Any CPU.ActiveCfg = Debug|Any CPU
		{904E1F97-F0DE-4A2E-9CD0-20F0783D287C}.Debug|Any CPU.Build.0 = Debug|Any CPU
		{904E1F97-F0DE-4A2E-9CD0-20F0783D287C}.Release|Any CPU.ActiveCfg = Release|Any CPU
		{904E1F97-F0DE-4A2E-9CD0-20F0783D287C}.Release|Any CPU.Build.0 = Release|Any CPU
	EndGlobalSection
	GlobalSection(SolutionProperties) = preSolution
		HideSolutionNode = FALSE
	EndGlobalSection
	GlobalSection(ExtensibilityGlobals) = postSolution
		SolutionGuid = {7268FD4F-6EE1-471D-B437-A25C3C124145}
	EndGlobalSection
EndGlobal
